
Microsoft Visual Studio Solution File, Format Version 12.00
# Visual Studio 15
VisualStudioVersion = 15.0.26730.16
MinimumVisualStudioVersion = 10.0.40219.1
Project("{FAE04EC0-301F-11D3-BF4B-00C04F79EFBC}") = "Email and Phone Number Checker", "WFProject\Email and Phone Number Checker.csproj", "{ABF72CB4-FD9A-4AE1-A536-2D3C22B263EB}"
EndProject
Global
	GlobalSection(SolutionConfigurationPlatforms) = preSolution
		Debug|Any CPU = Debug|Any CPU
		Release|Any CPU = Release|Any CPU
	EndGlobalSection
	GlobalSection(ProjectConfigurationPlatforms) = postSolution
		{ABF72CB4-FD9A-4AE1-A536-2D3C22B263EB}.Debug|Any CPU.ActiveCfg = Debug|Any CPU
		{ABF72CB4-FD9A-4AE1-A536-2D3C22B263EB}.Debug|Any CPU.Build.0 = Debug|Any CPU
		{ABF72CB4-FD9A-4AE1-A536-2D3C22B263EB}.Release|Any CPU.ActiveCfg = Release|Any CPU
		{ABF72CB4-FD9A-4AE1-A536-2D3C22B263EB}.Release|Any CPU.Build.0 = Release|Any CPU
	EndGlobalSection
	GlobalSection(SolutionProperties) = preSolution
		HideSolutionNode = FALSE
	EndGlobalSection
	GlobalSection(ExtensibilityGlobals) = postSolution
		SolutionGuid = {A3873549-DD4A-4579-84A4-0FF4EF37D8E7}
	EndGlobalSection
EndGlobal
